github.com/htv2012/banner v1.0.1 h1:oHnrOzvhz5bMeOIKAkzvNvshXCcJCDTWUZVjS7HoRFk=
github.com/htv2012/banner v1.0.1/go.mod h1:cfIxdWp/t+ZdqLRYJU3n7PeMDHK5c6Ok3rDf5VvNTcY=
github.com/htv2012/banner v1.1.0 h1:sMNWv2DcviBVVKce7pJKXQXgboVo++UjOP50DqH24A4=
github.com/htv2012/banner v1.1.0/go.mod h1:cfIxdWp/t+ZdqLRYJU3n7PeMDHK5c6Ok3rDf5VvNTcY=
github.com/htv2012/banner v1.2.0 h1:PYj32YH4HJqUkgWb0zcWaucz7lLs5S+9IJWcLxZzMbU=
github.com/htv2012/banner v1.2.0/go.mod h1:cfIxdWp/t+ZdqLRYJU3n7PeMDHK5c6Ok3rDf5VvNTcY=
github.com/htv2012/banner v1.3.0 h1:b8nKB1H0neVr4iu7zPnYuUIOPpH0hvGxeHDAlzh4wuU=
github.com/htv2012/banner v1.3.0/go.mod h1:cfIxdWp/t+ZdqLRYJU3n7PeMDHK5c6Ok3rDf5VvNTcY=
